
Microsoft Visual Studio Solution File, Format Version 12.00
# Visual Studio Version 16
VisualStudioVersion = 16.0.30011.22
MinimumVisualStudioVersion = 10.0.40219.1
Project("{2150E333-8FDC-42A3-9474-1A3956D46DE8}") = "Server", "Server", "{7147A87F-B56E-4F1E-BCCC-6DE38B544FE4}"
EndProject
Project("{2150E333-8FDC-42A3-9474-1A3956D46DE8}") = "BizLogic", "BizLogic", "{F9B9662F-7005-4FD9-BF96-AFDBD1720943}"
EndProject
Project("{2150E333-8FDC-42A3-9474-1A3956D46DE8}") = "src", "src", "{C35554BE-B570-42AD-893D-1155FB07007A}"
EndProject
Project("{FAE04EC0-301F-11D3-BF4B-00C04F79EFBC}") = "ConsensusScheduler.BizLogic.Abstractions", "src\Server\BizLogic\ConsensusScheduler.BizLogic.Abstractions\ConsensusScheduler.BizLogic.Abstractions.csproj", "{C2D545A4-FE27-4D08-9DD1-6F002B644A3B}"
EndProject
Global
	GlobalSection(SolutionConfigurationPlatforms) = preSolution
		Debug|Any CPU = Debug|Any CPU
		Release|Any CPU = Release|Any CPU
	EndGlobalSection
	GlobalSection(ProjectConfigurationPlatforms) = postSolution
		{C2D545A4-FE27-4D08-9DD1-6F002B644A3B}.Debug|Any CPU.ActiveCfg = Debug|Any CPU
		{C2D545A4-FE27-4D08-9DD1-6F002B644A3B}.Debug|Any CPU.Build.0 = Debug|Any CPU
		{C2D545A4-FE27-4D08-9DD1-6F002B644A3B}.Release|Any CPU.ActiveCfg = Release|Any CPU
		{C2D545A4-FE27-4D08-9DD1-6F002B644A3B}.Release|Any CPU.Build.0 = Release|Any CPU
	EndGlobalSection
	GlobalSection(SolutionProperties) = preSolution
		HideSolutionNode = FALSE
	EndGlobalSection
	GlobalSection(NestedProjects) = preSolution
		{7147A87F-B56E-4F1E-BCCC-6DE38B544FE4} = {C35554BE-B570-42AD-893D-1155FB07007A}
		{F9B9662F-7005-4FD9-BF96-AFDBD1720943} = {7147A87F-B56E-4F1E-BCCC-6DE38B544FE4}
		{C2D545A4-FE27-4D08-9DD1-6F002B644A3B} = {F9B9662F-7005-4FD9-BF96-AFDBD1720943}
	EndGlobalSection
	GlobalSection(ExtensibilityGlobals) = postSolution
		SolutionGuid = {99AC84CF-A9D4-4B6C-9C94-2DB8ED9788A5}
	EndGlobalSection
EndGlobal
